
Microsoft Visual Studio Solution File, Format Version 12.00
# Visual Studio 15
VisualStudioVersion = 15.0.28307.757
MinimumVisualStudioVersion = 10.0.40219.1
Project("{FAE04EC0-301F-11D3-BF4B-00C04F79EFBC}") = "SignalRConsole", "SignalRConsole\SignalRConsole.csproj", "{3A8B35DD-9B50-4E4E-BE27-745E61DDD1E1}"
EndProject
Project("{FAE04EC0-301F-11D3-BF4B-00C04F79EFBC}") = "SignalRApp", "..\SignalRApp\SignalRApp\SignalRApp.csproj", "{6766708E-BBD5-418B-987A-32432D8D3DFC}"
EndProject
Global
	GlobalSection(SolutionConfigurationPlatforms) = preSolution
		Debug|Any CPU = Debug|Any CPU
		Debug|x86 = Debug|x86
		Release|Any CPU = Release|Any CPU
		Release|x86 = Release|x86
	EndGlobalSection
	GlobalSection(ProjectConfigurationPlatforms) = postSolution
		{3A8B35DD-9B50-4E4E-BE27-745E61DDD1E1}.Debug|Any CPU.ActiveCfg = Debug|x86
		{3A8B35DD-9B50-4E4E-BE27-745E61DDD1E1}.Debug|x86.ActiveCfg = Debug|x86
		{3A8B35DD-9B50-4E4E-BE27-745E61DDD1E1}.Debug|x86.Build.0 = Debug|x86
		{3A8B35DD-9B50-4E4E-BE27-745E61DDD1E1}.Release|Any CPU.ActiveCfg = Release|x86
		{3A8B35DD-9B50-4E4E-BE27-745E61DDD1E1}.Release|x86.ActiveCfg = Release|x86
		{3A8B35DD-9B50-4E4E-BE27-745E61DDD1E1}.Release|x86.Build.0 = Release|x86
		{6766708E-BBD5-418B-987A-32432D8D3DFC}.Debug|Any CPU.ActiveCfg = Debug|Any CPU
		{6766708E-BBD5-418B-987A-32432D8D3DFC}.Debug|Any CPU.Build.0 = Debug|Any CPU
		{6766708E-BBD5-418B-987A-32432D8D3DFC}.Debug|x86.ActiveCfg = Debug|Any CPU
		{6766708E-BBD5-418B-987A-32432D8D3DFC}.Debug|x86.Build.0 = Debug|Any CPU
		{6766708E-BBD5-418B-987A-32432D8D3DFC}.Release|Any CPU.ActiveCfg = Release|Any CPU
		{6766708E-BBD5-418B-987A-32432D8D3DFC}.Release|Any CPU.Build.0 = Release|Any CPU
		{6766708E-BBD5-418B-987A-32432D8D3DFC}.Release|x86.ActiveCfg = Release|Any CPU
		{6766708E-BBD5-418B-987A-32432D8D3DFC}.Release|x86.Build.0 = Release|Any CPU
	EndGlobalSection
	GlobalSection(SolutionProperties) = preSolution
		HideSolutionNode = FALSE
	EndGlobalSection
	GlobalSection(ExtensibilityGlobals) = postSolution
		SolutionGuid = {28C0F235-584A-439C-83EB-63FE10D6AE7D}
	EndGlobalSection
EndGlobal
